
Microsoft Visual Studio Solution File, Format Version 12.00
# Visual Studio Version 16
VisualStudioVersion = 16.0.28729.10
MinimumVisualStudioVersion = 10.0.40219.1
Project("{9A19103F-16F7-4668-BE54-9A1E7A4F7556}") = "PruebadeAPIVideoIndexer", "PruebadeAPIVideoIndexer\PruebadeAPIVideoIndexer.csproj", "{4E03C387-47A7-4914-BE21-C9F4E22E5551}"
EndProject
Global
	GlobalSection(SolutionConfigurationPlatforms) = preSolution
		Debug|Any CPU = Debug|Any CPU
		Release|Any CPU = Release|Any CPU
	EndGlobalSection
	GlobalSection(ProjectConfigurationPlatforms) = postSolution
		{4E03C387-47A7-4914-BE21-C9F4E22E5551}.Debug|Any CPU.ActiveCfg = Debug|Any CPU
		{4E03C387-47A7-4914-BE21-C9F4E22E5551}.Debug|Any CPU.Build.0 = Debug|Any CPU
		{4E03C387-47A7-4914-BE21-C9F4E22E5551}.Release|Any CPU.ActiveCfg = Release|Any CPU
		{4E03C387-47A7-4914-BE21-C9F4E22E5551}.Release|Any CPU.Build.0 = Release|Any CPU
	EndGlobalSection
	GlobalSection(SolutionProperties) = preSolution
		HideSolutionNode = FALSE
	EndGlobalSection
	GlobalSection(ExtensibilityGlobals) = postSolution
		SolutionGuid = {48609CDF-1E6B-4CAA-8664-72C449E8D47C}
	EndGlobalSection
EndGlobal
